// !$*UTF8*$!
{
	archiveVersion = 1;
	classes = {
	};
	objectVersion = 56;
	objects = {

/* Begin PBXBuildFile section */
		FE6B13802B923F320084E9D6 /* qiita_appApp.swift in Sources */ = {isa = PBXBuildFile; fileRef = FE6B137F2B923F320084E9D6 /* qiita_appApp.swift */; };
		FE6B13842B923F330084E9D6 /* Assets.xcassets in Resources */ = {isa = PBXBuildFile; fileRef = FE6B13832B923F330084E9D6 /* Assets.xcassets */; };
		FE6B13872B923F330084E9D6 /* Preview Assets.xcassets in Resources */ = {isa = PBXBuildFile; fileRef = FE6B13862B923F330084E9D6 /* Preview Assets.xcassets */; };
		FEF4382B2B99EBB7008F3C8E /* User.swift in Sources */ = {isa = PBXBuildFile; fileRef = FEF438292B99EBB7008F3C8E /* User.swift */; };
		FEF4382C2B99EBB7008F3C8E /* Article.swift in Sources */ = {isa = PBXBuildFile; fileRef = FEF4382A2B99EBB7008F3C8E /* Article.swift */; };
		FEF4382F2B99EBC4008F3C8E /* APIService.swift in Sources */ = {isa = PBXBuildFile; fileRef = FEF4382E2B99EBC4008F3C8E /* APIService.swift */; };
		FEF438362B99EBCA008F3C8E /* ArticleRowView.swift in Sources */ = {isa = PBXBuildFile; fileRef = FEF438312B99EBCA008F3C8E /* ArticleRowView.swift */; };
		FEF438372B99EBCA008F3C8E /* WebView.swift in Sources */ = {isa = PBXBuildFile; fileRef = FEF438332B99EBCA008F3C8E /* WebView.swift */; };
		FEF438382B99EBCA008F3C8E /* ArticleDetailView.swift in Sources */ = {isa = PBXBuildFile; fileRef = FEF438342B99EBCA008F3C8E /* ArticleDetailView.swift */; };
		FEF438392B99EBCA008F3C8E /* ArticleListView.swift in Sources */ = {isa = PBXBuildFile; fileRef = FEF438352B99EBCA008F3C8E /* ArticleListView.swift */; };
		FEF4383C2B99EBD2008F3C8E /* ArticleListViewModel.swift in Sources */ = {isa = PBXBuildFile; fileRef = FEF4383B2B99EBD2008F3C8E /* ArticleListViewModel.swift */; };
		FEF4383E2B9CA093008F3C8E /* ErrorStateView.swift in Sources */ = {isa = PBXBuildFile; fileRef = FEF4383D2B9CA093008F3C8E /* ErrorStateView.swift */; };
		FEF438432BA47267008F3C8E /* Alamofire in Frameworks */ = {isa = PBXBuildFile; productRef = FEF438422BA47267008F3C8E /* Alamofire */; };
		FEF438452BA47267008F3C8E /* AlamofireDynamic in Frameworks */ = {isa = PBXBuildFile; productRef = FEF438442BA47267008F3C8E /* AlamofireDynamic */; };
/* End PBXBuildFile section */

/* Begin PBXFileReference section */
		FE6B137C2B923F320084E9D6 /* qiita-app.app */ = {isa = PBXFileReference; explicitFileType = wrapper.application; includeInIndex = 0; path = "qiita-app.app"; sourceTree = BUILT_PRODUCTS_DIR; };
		FE6B137F2B923F320084E9D6 /* qiita_appApp.swift */ = {isa = PBXFileReference; lastKnownFileType = sourcecode.swift; path = qiita_appApp.swift; sourceTree = "<group>"; };
		FE6B13832B923F330084E9D6 /* Assets.xcassets */ = {isa = PBXFileReference; lastKnownFileType = folder.assetcatalog; path = Assets.xcassets; sourceTree = "<group>"; };
		FE6B13862B923F330084E9D6 /* Preview Assets.xcassets */ = {isa = PBXFileReference; lastKnownFileType = folder.assetcatalog; path = "Preview Assets.xcassets"; sourceTree = "<group>"; };
		FEF438292B99EBB7008F3C8E /* User.swift */ = {isa = PBXFileReference; fileEncoding = 4; lastKnownFileType = sourcecode.swift; path = User.swift; sourceTree = "<group>"; };
		FEF4382A2B99EBB7008F3C8E /* Article.swift */ = {isa = PBXFileReference; fileEncoding = 4; lastKnownFileType = sourcecode.swift; path = Article.swift; sourceTree = "<group>"; };
		FEF4382E2B99EBC4008F3C8E /* APIService.swift */ = {isa = PBXFileReference; fileEncoding = 4; lastKnownFileType = sourcecode.swift; path = APIService.swift; sourceTree = "<group>"; };
		FEF438312B99EBCA008F3C8E /* ArticleRowView.swift */ = {isa = PBXFileReference; fileEncoding = 4; lastKnownFileType = sourcecode.swift; path = ArticleRowView.swift; sourceTree = "<group>"; };
		FEF438332B99EBCA008F3C8E /* WebView.swift */ = {isa = PBXFileReference; fileEncoding = 4; lastKnownFileType = sourcecode.swift; path = WebView.swift; sourceTree = "<group>"; };
		FEF438342B99EBCA008F3C8E /* ArticleDetailView.swift */ = {isa = PBXFileReference; fileEncoding = 4; lastKnownFileType = sourcecode.swift; path = ArticleDetailView.swift; sourceTree = "<group>"; };
		FEF438352B99EBCA008F3C8E /* ArticleListView.swift */ = {isa = PBXFileReference; fileEncoding = 4; lastKnownFileType = sourcecode.swift; path = ArticleListView.swift; sourceTree = "<group>"; };
		FEF4383B2B99EBD2008F3C8E /* ArticleListViewModel.swift */ = {isa = PBXFileReference; fileEncoding = 4; lastKnownFileType = sourcecode.swift; path = ArticleListViewModel.swift; sourceTree = "<group>"; };
		FEF4383D2B9CA093008F3C8E /* ErrorStateView.swift */ = {isa = PBXFileReference; lastKnownFileType = sourcecode.swift; path = ErrorStateView.swift; sourceTree = "<group>"; };
/* End PBXFileReference section */

/* Begin PBXFrameworksBuildPhase section */
		FE6B13792B923F320084E9D6 /* Frameworks */ = {
			isa = PBXFrameworksBuildPhase;
			buildActionMask = 2147483647;
			files = (
				FEF438432BA47267008F3C8E /* Alamofire in Frameworks */,
				FEF438452BA47267008F3C8E /* AlamofireDynamic in Frameworks */,
			);
			runOnlyForDeploymentPostprocessing = 0;
		};
/* End PBXFrameworksBuildPhase section */

/* Begin PBXGroup section */
		FE6B13732B923F320084E9D6 = {
			isa = PBXGroup;
			children = (
				FE6B137E2B923F320084E9D6 /* qiita-app */,
				FE6B137D2B923F320084E9D6 /* Products */,
			);
			sourceTree = "<group>";
		};
		FE6B137D2B923F320084E9D6 /* Products */ = {
			isa = PBXGroup;
			children = (
				FE6B137C2B923F320084E9D6 /* qiita-app.app */,
			);
			name = Products;
			sourceTree = "<group>";
		};
		FE6B137E2B923F320084E9D6 /* qiita-app */ = {
			isa = PBXGroup;
			children = (
				FE6B137F2B923F320084E9D6 /* qiita_appApp.swift */,
				FEF4383A2B99EBD2008F3C8E /* ViewModels */,
				FEF438302B99EBCA008F3C8E /* Views */,
				FEF4382D2B99EBC4008F3C8E /* Services */,
				FEF438282B99EBB7008F3C8E /* Models */,
				FE6B13832B923F330084E9D6 /* Assets.xcassets */,
				FE6B13852B923F330084E9D6 /* Preview Content */,
			);
			path = "qiita-app";
			sourceTree = "<group>";
		};
		FE6B13852B923F330084E9D6 /* Preview Content */ = {
			isa = PBXGroup;
			children = (
				FE6B13862B923F330084E9D6 /* Preview Assets.xcassets */,
			);
			path = "Preview Content";
			sourceTree = "<group>";
		};
		FEF438282B99EBB7008F3C8E /* Models */ = {
			isa = PBXGroup;
			children = (
				FEF438292B99EBB7008F3C8E /* User.swift */,
				FEF4382A2B99EBB7008F3C8E /* Article.swift */,
			);
			path = Models;
			sourceTree = "<group>";
		};
		FEF4382D2B99EBC4008F3C8E /* Services */ = {
			isa = PBXGroup;
			children = (
				FEF4382E2B99EBC4008F3C8E /* APIService.swift */,
			);
			path = Services;
			sourceTree = "<group>";
		};
		FEF438302B99EBCA008F3C8E /* Views */ = {
			isa = PBXGroup;
			children = (
				FEF438322B99EBCA008F3C8E /* Common */,
				FEF438342B99EBCA008F3C8E /* ArticleDetailView.swift */,
				FEF438312B99EBCA008F3C8E /* ArticleRowView.swift */,
				FEF438352B99EBCA008F3C8E /* ArticleListView.swift */,
			);
			path = Views;
			sourceTree = "<group>";
		};
		FEF438322B99EBCA008F3C8E /* Common */ = {
			isa = PBXGroup;
			children = (
				FEF438332B99EBCA008F3C8E /* WebView.swift */,
				FEF4383D2B9CA093008F3C8E /* ErrorStateView.swift */,
			);
			path = Common;
			sourceTree = "<group>";
		};
		FEF4383A2B99EBD2008F3C8E /* ViewModels */ = {
			isa = PBXGroup;
			children = (
				FEF4383B2B99EBD2008F3C8E /* ArticleListViewModel.swift */,
			);
			path = ViewModels;
			sourceTree = "<group>";
		};
/* End PBXGroup section */

/* Begin PBXNativeTarget section */
		FE6B137B2B923F320084E9D6 /* qiita-app */ = {
			isa = PBXNativeTarget;
			buildConfigurationList = FE6B138A2B923F330084E9D6 /* Build configuration list for PBXNativeTarget "qiita-app" */;
			buildPhases = (
				FE6B13782B923F320084E9D6 /* Sources */,
				FE6B13792B923F320084E9D6 /* Frameworks */,
				FE6B137A2B923F320084E9D6 /* Resources */,
			);
			buildRules = (
			);
			dependencies = (
			);
			name = "qiita-app";
			packageProductDependencies = (
				FEF438422BA47267008F3C8E /* Alamofire */,
				FEF438442BA47267008F3C8E /* AlamofireDynamic */,
			);
			productName = "qiita-app";
			productReference = FE6B137C2B923F320084E9D6 /* qiita-app.app */;
			productType = "com.apple.product-type.application";
		};
/* End PBXNativeTarget section */

/* Begin PBXProject section */
		FE6B13742B923F320084E9D6 /* Project object */ = {
			isa = PBXProject;
			attributes = {
				BuildIndependentTargetsInParallel = 1;
				LastSwiftUpdateCheck = 1520;
				LastUpgradeCheck = 1520;
				TargetAttributes = {
					FE6B137B2B923F320084E9D6 = {
						CreatedOnToolsVersion = 15.2;
					};
				};
			};
			buildConfigurationList = FE6B13772B923F320084E9D6 /* Build configuration list for PBXProject "qiita-app" */;
			compatibilityVersion = "Xcode 14.0";
			developmentRegion = en;
			hasScannedForEncodings = 0;
			knownRegions = (
				en,
				Base,
			);
			mainGroup = FE6B13732B923F320084E9D6;
			packageReferences = (
				FEF438412BA47267008F3C8E /* XCRemoteSwiftPackageReference "Alamofire" */,
			);
			productRefGroup = FE6B137D2B923F320084E9D6 /* Products */;
			projectDirPath = "";
			projectRoot = "";
			targets = (
				FE6B137B2B923F320084E9D6 /* qiita-app */,
			);
		};
/* End PBXProject section */

/* Begin PBXResourcesBuildPhase section */
		FE6B137A2B923F320084E9D6 /* Resources */ = {
			isa = PBXResourcesBuildPhase;
			buildActionMask = 2147483647;
			files = (
				FE6B13872B923F330084E9D6 /* Preview Assets.xcassets in Resources */,
				FE6B13842B923F330084E9D6 /* Assets.xcassets in Resources */,
			);
			runOnlyForDeploymentPostprocessing = 0;
		};
/* End PBXResourcesBuildPhase section */

/* Begin PBXSourcesBuildPhase section */
		FE6B13782B923F320084E9D6 /* Sources */ = {
			isa = PBXSourcesBuildPhase;
			buildActionMask = 2147483647;
			files = (
				FEF4382C2B99EBB7008F3C8E /* Article.swift in Sources */,
				FEF4382F2B99EBC4008F3C8E /* APIService.swift in Sources */,
				FE6B13802B923F320084E9D6 /* qiita_appApp.swift in Sources */,
				FEF438382B99EBCA008F3C8E /* ArticleDetailView.swift in Sources */,
				FEF438362B99EBCA008F3C8E /* ArticleRowView.swift in Sources */,
				FEF4382B2B99EBB7008F3C8E /* User.swift in Sources */,
				FEF438392B99EBCA008F3C8E /* ArticleListView.swift in Sources */,
				FEF438372B99EBCA008F3C8E /* WebView.swift in Sources */,
				FEF4383C2B99EBD2008F3C8E /* ArticleListViewModel.swift in Sources */,
				FEF4383E2B9CA093008F3C8E /* ErrorStateView.swift in Sources */,
			);
			runOnlyForDeploymentPostprocessing = 0;
		};
/* End PBXSourcesBuildPhase section */

/* Begin XCBuildConfiguration section */
		FE6B13882B923F330084E9D6 /* Debug */ = {
			isa = XCBuildConfiguration;
			buildSettings = {
				ALWAYS_SEARCH_USER_PATHS = NO;
				ASSETCATALOG_COMPILER_GENERATE_SWIFT_ASSET_SYMBOL_EXTENSIONS = YES;
				CLANG_ANALYZER_NONNULL = YES;
				CLANG_ANALYZER_NUMBER_OBJECT_CONVERSION = YES_AGGRESSIVE;
				CLANG_CXX_LANGUAGE_STANDARD = "gnu++20";
				CLANG_ENABLE_MODULES = YES;
				CLANG_ENABLE_OBJC_ARC = YES;
				CLANG_ENABLE_OBJC_WEAK = YES;
				CLANG_WARN_BLOCK_CAPTURE_AUTORELEASING = YES;
				CLANG_WARN_BOOL_CONVERSION = YES;
				CLANG_WARN_COMMA = YES;
				CLANG_WARN_CONSTANT_CONVERSION = YES;
				CLANG_WARN_DEPRECATED_OBJC_IMPLEMENTATIONS = YES;
				CLANG_WARN_DIRECT_OBJC_ISA_USAGE = YES_ERROR;
				CLANG_WARN_DOCUMENTATION_COMMENTS = YES;
				CLANG_WARN_EMPTY_BODY = YES;
				CLANG_WARN_ENUM_CONVERSION = YES;
				CLANG_WARN_INFINITE_RECURSION = YES;
				CLANG_WARN_INT_CONVERSION = YES;
				CLANG_WARN_NON_LITERAL_NULL_CONVERSION = YES;
				CLANG_WARN_OBJC_IMPLICIT_RETAIN_SELF = YES;
				CLANG_WARN_OBJC_LITERAL_CONVERSION = YES;
				CLANG_WARN_OBJC_ROOT_CLASS = YES_ERROR;
				CLANG_WARN_QUOTED_INCLUDE_IN_FRAMEWORK_HEADER = YES;
				CLANG_WARN_RANGE_LOOP_ANALYSIS = YES;
				CLANG_WARN_STRICT_PROTOTYPES = YES;
				CLANG_WARN_SUSPICIOUS_MOVE = YES;
				CLANG_WARN_UNGUARDED_AVAILABILITY = YES_AGGRESSIVE;
				CLANG_WARN_UNREACHABLE_CODE = YES;
				CLANG_WARN__DUPLICATE_METHOD_MATCH = YES;
				COPY_PHASE_STRIP = NO;
				DEBUG_INFORMATION_FORMAT = dwarf;
				ENABLE_STRICT_OBJC_MSGSEND = YES;
				ENABLE_TESTABILITY = YES;
				ENABLE_USER_SCRIPT_SANDBOXING = YES;
				GCC_C_LANGUAGE_STANDARD = gnu17;
				GCC_DYNAMIC_NO_PIC = NO;
				GCC_NO_COMMON_BLOCKS = YES;
				GCC_OPTIMIZATION_LEVEL = 0;
				GCC_PREPROCESSOR_DEFINITIONS = (
					"DEBUG=1",
					"$(inherited)",
				);
				GCC_WARN_64_TO_32_BIT_CONVERSION = YES;
				GCC_WARN_ABOUT_RETURN_TYPE = YES_ERROR;
				GCC_WARN_UNDECLARED_SELECTOR = YES;
				GCC_WARN_UNINITIALIZED_AUTOS = YES_AGGRESSIVE;
				GCC_WARN_UNUSED_FUNCTION = YES;
				GCC_WARN_UNUSED_VARIABLE = YES;
				IPHONEOS_DEPLOYMENT_TARGET = 17.2;
				LOCALIZATION_PREFERS_STRING_CATALOGS = YES;
				MTL_ENABLE_DEBUG_INFO = INCLUDE_SOURCE;
				MTL_FAST_MATH = YES;
				ONLY_ACTIVE_ARCH = YES;
				SDKROOT = iphoneos;
				SWIFT_ACTIVE_COMPILATION_CONDITIONS = "DEBUG $(inherited)";
				SWIFT_OPTIMIZATION_LEVEL = "-Onone";
			};
			name = Debug;
		};
		FE6B13892B923F330084E9D6 /* Release */ = {
			isa = XCBuildConfiguration;
			buildSettings = {
				ALWAYS_SEARCH_USER_PATHS = NO;
				ASSETCATALOG_COMPILER_GENERATE_SWIFT_ASSET_SYMBOL_EXTENSIONS = YES;
				CLANG_ANALYZER_NONNULL = YES;
				CLANG_ANALYZER_NUMBER_OBJECT_CONVERSION = YES_AGGRESSIVE;
				CLANG_CXX_LANGUAGE_STANDARD = "gnu++20";
				CLANG_ENABLE_MODULES = YES;
				CLANG_ENABLE_OBJC_ARC = YES;
				CLANG_ENABLE_OBJC_WEAK = YES;
				CLANG_WARN_BLOCK_CAPTURE_AUTORELEASING = YES;
				CLANG_WARN_BOOL_CONVERSION = YES;
				CLANG_WARN_COMMA = YES;
				CLANG_WARN_CONSTANT_CONVERSION = YES;
				CLANG_WARN_DEPRECATED_OBJC_IMPLEMENTATIONS = YES;
				CLANG_WARN_DIRECT_OBJC_ISA_USAGE = YES_ERROR;
				CLANG_WARN_DOCUMENTATION_COMMENTS = YES;
				CLANG_WARN_EMPTY_BODY = YES;
				CLANG_WARN_ENUM_CONVERSION = YES;
				CLANG_WARN_INFINITE_RECURSION = YES;
				CLANG_WARN_INT_CONVERSION = YES;
				CLANG_WARN_NON_LITERAL_NULL_CONVERSION = YES;
				CLANG_WARN_OBJC_IMPLICIT_RETAIN_SELF = YES;
				CLANG_WARN_OBJC_LITERAL_CONVERSION = YES;
				CLANG_WARN_OBJC_ROOT_CLASS = YES_ERROR;
				CLANG_WARN_QUOTED_INCLUDE_IN_FRAMEWORK_HEADER = YES;
				CLANG_WARN_RANGE_LOOP_ANALYSIS = YES;
				CLANG_WARN_STRICT_PROTOTYPES = YES;
				CLANG_WARN_SUSPICIOUS_MOVE = YES;
				CLANG_WARN_UNGUARDED_AVAILABILITY = YES_AGGRESSIVE;
				CLANG_WARN_UNREACHABLE_CODE = YES;
				CLANG_WARN__DUPLICATE_METHOD_MATCH = YES;
				COPY_PHASE_STRIP = NO;
				DEBUG_INFORMATION_FORMAT = "dwarf-with-dsym";
				ENABLE_NS_ASSERTIONS = NO;
				ENABLE_STRICT_OBJC_MSGSEND = YES;
				ENABLE_USER_SCRIPT_SANDBOXING = YES;
				GCC_C_LANGUAGE_STANDARD = gnu17;
				GCC_NO_COMMON_BLOCKS = YES;
				GCC_WARN_64_TO_32_BIT_CONVERSION = YES;
				GCC_WARN_ABOUT_RETURN_TYPE = YES_ERROR;
				GCC_WARN_UNDECLARED_SELECTOR = YES;
				GCC_WARN_UNINITIALIZED_AUTOS = YES_AGGRESSIVE;
				GCC_WARN_UNUSED_FUNCTION = YES;
				GCC_WARN_UNUSED_VARIABLE = YES;
				IPHONEOS_DEPLOYMENT_TARGET = 17.2;
				LOCALIZATION_PREFERS_STRING_CATALOGS = YES;
				MTL_ENABLE_DEBUG_INFO = NO;
				MTL_FAST_MATH = YES;
				SDKROOT = iphoneos;
				SWIFT_COMPILATION_MODE = wholemodule;
				VALIDATE_PRODUCT = YES;
			};
			name = Release;
		};
		FE6B138B2B923F330084E9D6 /* Debug */ = {
			isa = XCBuildConfiguration;
			buildSettings = {
				ASSETCATALOG_COMPILER_APPICON_NAME = AppIcon;
				ASSETCATALOG_COMPILER_GLOBAL_ACCENT_COLOR_NAME = AccentColor;
				CODE_SIGN_STYLE = Automatic;
				CURRENT_PROJECT_VERSION = 1;
				DEVELOPMENT_ASSET_PATHS = "\"qiita-app/Preview Content\"";
				DEVELOPMENT_TEAM = H84MQLLKK7;
				ENABLE_PREVIEWS = YES;
				GENERATE_INFOPLIST_FILE = YES;
				INFOPLIST_KEY_UIApplicationSceneManifest_Generation = YES;
				INFOPLIST_KEY_UIApplicationSupportsIndirectInputEvents = YES;
				INFOPLIST_KEY_UILaunchScreen_Generation = YES;
				INFOPLIST_KEY_UISupportedInterfaceOrientations_iPad = "UIInterfaceOrientationPortrait UIInterfaceOrientationPortraitUpsideDown UIInterfaceOrientationLandscapeLeft UIInterfaceOrientationLandscapeRight";
				INFOPLIST_KEY_UISupportedInterfaceOrientations_iPhone = "UIInterfaceOrientationPortrait UIInterfaceOrientationLandscapeLeft UIInterfaceOrientationLandscapeRight";
				LD_RUNPATH_SEARCH_PATHS = (
					"$(inherited)",
					"@executable_path/Frameworks",
				);
				MARKETING_VERSION = 1.0;
				PRODUCT_BUNDLE_IDENTIFIER = "jp.kawamura.qiita-app";
				PRODUCT_NAME = "$(TARGET_NAME)";
				SWIFT_EMIT_LOC_STRINGS = YES;
				SWIFT_VERSION = 5.0;
				TARGETED_DEVICE_FAMILY = "1,2";
			};
			name = Debug;
		};
		FE6B138C2B923F330084E9D6 /* Release */ = {
			isa = XCBuildConfiguration;
			buildSettings = {
				ASSETCATALOG_COMPILER_APPICON_NAME = AppIcon;
				ASSETCATALOG_COMPILER_GLOBAL_ACCENT_COLOR_NAME = AccentColor;
				CODE_SIGN_STYLE = Automatic;
				CURRENT_PROJECT_VERSION = 1;
				DEVELOPMENT_ASSET_PATHS = "\"qiita-app/Preview Content\"";
				DEVELOPMENT_TEAM = H84MQLLKK7;
				ENABLE_PREVIEWS = YES;
				GENERATE_INFOPLIST_FILE = YES;
				INFOPLIST_KEY_UIApplicationSceneManifest_Generation = YES;
				INFOPLIST_KEY_UIApplicationSupportsIndirectInputEvents = YES;
				INFOPLIST_KEY_UILaunchScreen_Generation = YES;
				INFOPLIST_KEY_UISupportedInterfaceOrientations_iPad = "UIInterfaceOrientationPortrait UIInterfaceOrientationPortraitUpsideDown UIInterfaceOrientationLandscapeLeft UIInterfaceOrientationLandscapeRight";
				INFOPLIST_KEY_UISupportedInterfaceOrientations_iPhone = "UIInterfaceOrientationPortrait UIInterfaceOrientationLandscapeLeft UIInterfaceOrientationLandscapeRight";
				LD_RUNPATH_SEARCH_PATHS = (
					"$(inherited)",
					"@executable_path/Frameworks",
				);
				MARKETING_VERSION = 1.0;
				PRODUCT_BUNDLE_IDENTIFIER = "jp.kawamura.qiita-app";
				PRODUCT_NAME = "$(TARGET_NAME)";
				SWIFT_EMIT_LOC_STRINGS = YES;
				SWIFT_VERSION = 5.0;
				TARGETED_DEVICE_FAMILY = "1,2";
			};
			name = Release;
		};
/* End XCBuildConfiguration section */

/* Begin XCConfigurationList section */
		FE6B13772B923F320084E9D6 /* Build configuration list for PBXProject "qiita-app" */ = {
			isa = XCConfigurationList;
			buildConfigurations = (
				FE6B13882B923F330084E9D6 /* Debug */,
				FE6B13892B923F330084E9D6 /* Release */,
			);
			defaultConfigurationIsVisible = 0;
			defaultConfigurationName = Release;
		};
		FE6B138A2B923F330084E9D6 /* Build configuration list for PBXNativeTarget "qiita-app" */ = {
			isa = XCConfigurationList;
			buildConfigurations = (
				FE6B138B2B923F330084E9D6 /* Debug */,
				FE6B138C2B923F330084E9D6 /* Release */,
			);
			defaultConfigurationIsVisible = 0;
			defaultConfigurationName = Release;
		};
/* End XCConfigurationList section */

/* Begin XCRemoteSwiftPackageReference section */
		FEF438412BA47267008F3C8E /* XCRemoteSwiftPackageReference "Alamofire" */ = {
			isa = XCRemoteSwiftPackageReference;
			repositoryURL = "https://github.com/Alamofire/Alamofire";
			requirement = {
				kind = upToNextMajorVersion;
				minimumVersion = 5.9.0;
			};
		};
/* End XCRemoteSwiftPackageReference section */

/* Begin XCSwiftPackageProductDependency section */
		FEF438422BA47267008F3C8E /* Alamofire */ = {
			isa = XCSwiftPackageProductDependency;
			package = FEF438412BA47267008F3C8E /* XCRemoteSwiftPackageReference "Alamofire" */;
			productName = Alamofire;
		};
		FEF438442BA47267008F3C8E /* AlamofireDynamic */ = {
			isa = XCSwiftPackageProductDependency;
			package = FEF438412BA47267008F3C8E /* XCRemoteSwiftPackageReference "Alamofire" */;
			productName = AlamofireDynamic;
		};
/* End XCSwiftPackageProductDependency section */
	};
	rootObject = FE6B13742B923F320084E9D6 /* Project object */;
}
